{
  "version": 4,
  "terraform_version": "1.6.4",
  "serial": 214,
  "lineage": "3699c439-573b-0952-0882-7627b1926dc1",
  "outputs": {},
  "resources": [
    {
      "mode": "data",
      "type": "archive_file",
      "name": "face_cut_function_zip",
      "provider": "provider[\"registry.terraform.io/hashicorp/archive\"]",
      "instances": [
        {
          "schema_version": 0,
          "attributes": {
            "exclude_symlink_directories": null,
            "excludes": null,
            "id": "afd17cde38409b0010f212224a2336cefb8c99cb",
            "output_base64sha256": "u3xIhSKacpRw5pDru839PTGLPh3tZniprCkcGS5O1dA=",
            "output_base64sha512": "A9D081fueRjyKt/YhWH42+k5IL5DjFEt1Z2k7sY9K6GIrsq3QZN4HOJVZf62dcJXBIVEO5eRvA0LqHEy4M2dJQ==",
            "output_file_mode": null,
            "output_md5": "9c8130d8214888b770dbf438143430cd",
            "output_path": "face_cut_function.zip",
            "output_sha": "afd17cde38409b0010f212224a2336cefb8c99cb",
            "output_sha256": "bb7c4885229a729470e690ebbbcdfd3d318b3e1ded6678a9ac291c192e4ed5d0",
            "output_sha512": "03d0f4f357ee7918f22adfd88561f8dbe93920be438c512dd59da4eec63d2ba188aecab74193781ce25565feb675c2570485443b9791bc0d0ba87132e0cd9d25",
            "output_size": 3945,
            "source": [],
            "source_content": null,
            "source_content_filename": null,
            "source_dir": "Functions",
            "source_file": null,
            "type": "zip"
          },
          "sensitive_attributes": []
        }
      ]
    },
    {
      "mode": "data",
      "type": "archive_file",
      "name": "telegram_bot_function_zip",
      "provider": "provider[\"registry.terraform.io/hashicorp/archive\"]",
      "instances": [
        {
          "schema_version": 0,
          "attributes": {
            "exclude_symlink_directories": null,
            "excludes": null,
            "id": "844ec2bca9f0c8433d6ce805cde2684362db6624",
            "output_base64sha256": "UocTd9xvq2vif2btiNcKigJfKd313f3/NsS7Vss4C1A=",
            "output_base64sha512": "If/yPPcHDPYWgP3bTZ0JOg49KWiFT0hih6nZ6HFiWQZTUcvoEv2gHHZMXiZe5ntgPzZ+G+weQ3NxCyQV7iDl1w==",
            "output_file_mode": null,
            "output_md5": "5f6f61305394ee2a9a8d48959f32466c",
            "output_path": "telegram_bot_function.zip",
            "output_sha": "844ec2bca9f0c8433d6ce805cde2684362db6624",
            "output_sha256": "52871377dc6fab6be27f66ed88d70a8a025f29ddf5ddfdff36c4bb56cb380b50",
            "output_sha512": "21fff23cf7070cf61680fddb4d9d093a0e3d2968854f486287a9d9e8716259065351cbe812fda01c764c5e265ee67b603f367e1bec1e4373710b2415ee20e5d7",
            "output_size": 1985,
            "source": [],
            "source_content": null,
            "source_content_filename": null,
            "source_dir": "Functions/TelegramBot",
            "source_file": null,
            "type": "zip"
          },
          "sensitive_attributes": []
        }
      ]
    },
    {
      "mode": "data",
      "type": "archive_file",
      "name": "zip",
      "provider": "provider[\"registry.terraform.io/hashicorp/archive\"]",
      "instances": [
        {
          "schema_version": 0,
          "attributes": {
            "exclude_symlink_directories": null,
            "excludes": null,
            "id": "afd17cde38409b0010f212224a2336cefb8c99cb",
            "output_base64sha256": "u3xIhSKacpRw5pDru839PTGLPh3tZniprCkcGS5O1dA=",
            "output_base64sha512": "A9D081fueRjyKt/YhWH42+k5IL5DjFEt1Z2k7sY9K6GIrsq3QZN4HOJVZf62dcJXBIVEO5eRvA0LqHEy4M2dJQ==",
            "output_file_mode": null,
            "output_md5": "9c8130d8214888b770dbf438143430cd",
            "output_path": "function.zip",
            "output_sha": "afd17cde38409b0010f212224a2336cefb8c99cb",
            "output_sha256": "bb7c4885229a729470e690ebbbcdfd3d318b3e1ded6678a9ac291c192e4ed5d0",
            "output_sha512": "03d0f4f357ee7918f22adfd88561f8dbe93920be438c512dd59da4eec63d2ba188aecab74193781ce25565feb675c2570485443b9791bc0d0ba87132e0cd9d25",
            "output_size": 3945,
            "source": [],
            "source_content": null,
            "source_content_filename": null,
            "source_dir": "Functions",
            "source_file": null,
            "type": "zip"
          },
          "sensitive_attributes": []
        }
      ]
    },
    {
      "mode": "managed",
      "type": "yandex_api_gateway",
      "name": "default",
      "provider": "provider[\"registry.terraform.io/yandex-cloud/yandex\"]",
      "instances": [
        {
          "schema_version": 0,
          "attributes": {
            "canary": [],
            "connectivity": [],
            "created_at": "2023-12-08T19:49:25Z",
            "custom_domains": [],
            "description": "",
            "domain": "d5dsd9n3hferok46f216.apigw.yandexcloud.net",
            "folder_id": "b1gsoqsep1du069d2dvm",
            "id": "d5dsd9n3hferok46f216",
            "labels": {},
            "log_group_id": "ckgie054m8j97961k9i3",
            "name": "vvot37-apigw",
            "spec": "openapi: \"3.0.0\"\r\ninfo:\r\n  version: 1.0.0\r\n  title: API\r\npaths:\r\n  /faces/{face}:\r\n    get:\r\n      parameters:\r\n        - name: face\r\n          in: path\r\n          description: User name to appear in greetings\r\n          required: true\r\n          schema:\r\n            type: string\r\n      x-yc-apigateway-integration:\r\n        type: object_storage\r\n        bucket: vvot37-faces\r\n        object: '{face}'\r\n        error_object: error.html\r\n        service_account_id: ajeudjg20ipi9q50kbfn\r\n  /photo/{photo}:\r\n    get:\r\n      parameters:\r\n        - name: photo\r\n          in: path\r\n          description: User name to appear in greetings\r\n          required: true\r\n          schema:\r\n            type: string\r\n      x-yc-apigateway-integration:\r\n        type: object_storage\r\n        bucket: vvot37-photo\r\n        object: '{photo}'\r\n        error_object: error.html\r\n        service_account_id: ajeudjg20ipi9q50kbfn\r\n",
            "status": "active",
            "timeouts": null,
            "user_domains": [],
            "variables": null
          },
          "sensitive_attributes": [],
          "private": "eyJlMmJmYjczMC1lY2FhLTExZTYtOGY4OC0zNDM2M2JjN2M0YzAiOnsiY3JlYXRlIjozMDAwMDAwMDAwMDAsImRlbGV0ZSI6MzAwMDAwMDAwMDAwLCJ1cGRhdGUiOjMwMDAwMDAwMDAwMH19",
          "dependencies": [
            "yandex_iam_service_account.service_account37",
            "yandex_iam_service_account_static_access_key.service_account37_keys",
            "yandex_storage_bucket.faces",
            "yandex_storage_bucket.photo"
          ]
        }
      ]
    },
    {
      "mode": "managed",
      "type": "yandex_function",
      "name": "face_cut_function",
      "provider": "provider[\"registry.terraform.io/yandex-cloud/yandex\"]",
      "instances": [
        {
          "schema_version": 0,
          "attributes": {
            "async_invocation": [],
            "connectivity": [],
            "content": [
              {
                "zip_filename": "face_cut_function.zip"
              }
            ],
            "created_at": "2023-12-05T17:38:21Z",
            "description": "",
            "entrypoint": "index.face_cut_handler",
            "environment": {
              "AWS_ACCESS_KEY_ID": "YCAJE84iwzc-tOINXVE-8wu-o",
              "AWS_ENDPOINT_URL_S3": "https://storage.yandexcloud.net",
              "AWS_SECRET_ACCESS_KEY": "YCM3yxrTYGqNtmex1yNbouC1Nwnj9e-u1hay6JG8",
              "faces_bucket_id": "vvot37-faces",
              "photo_bucket_id": "vvot37-photo",
              "ydb_database": "/ru-central1/b1g71e95h51okii30p25/etnam0hr027vh34fsis7",
              "ydb_endpoint": "grpcs://ydb.serverless.yandexcloud.net:2135"
            },
            "execution_timeout": "60",
            "folder_id": "b1gsoqsep1du069d2dvm",
            "id": "d4ein5ckqjgq1vovvu61",
            "image_size": 54059008,
            "labels": {},
            "loggroup_id": "",
            "memory": 128,
            "name": "vvot37-face-cut",
            "package": [],
            "runtime": "python312",
            "secrets": [],
            "service_account_id": "ajeudjg20ipi9q50kbfn",
            "tags": [],
            "timeouts": null,
            "user_hash": "vtTG5FUYV6gvkF6ZCn5c8lmarK8Jfaj3Oi5YY+CT394=",
            "version": "d4ed2r4ctq7574udk9uq"
          },
          "sensitive_attributes": [
            [
              {
                "type": "get_attr",
                "value": "environment"
              },
              {
                "type": "index",
                "value": {
                  "value": "AWS_SECRET_ACCESS_KEY",
                  "type": "string"
                }
              }
            ]
          ],
          "private": "eyJlMmJmYjczMC1lY2FhLTExZTYtOGY4OC0zNDM2M2JjN2M0YzAiOnsiY3JlYXRlIjo2MDAwMDAwMDAwMDAsImRlbGV0ZSI6NjAwMDAwMDAwMDAwLCJ1cGRhdGUiOjYwMDAwMDAwMDAwMH19",
          "dependencies": [
            "data.archive_file.face_cut_function_zip",
            "yandex_iam_service_account.service_account37",
            "yandex_iam_service_account_static_access_key.service_account37_keys",
            "yandex_storage_bucket.faces",
            "yandex_storage_bucket.photo",
            "yandex_ydb_database_serverless.photo_face"
          ]
        }
      ]
    },
    {
      "mode": "managed",
      "type": "yandex_function",
      "name": "face_detection_function",
      "provider": "provider[\"registry.terraform.io/yandex-cloud/yandex\"]",
      "instances": [
        {
          "schema_version": 0,
          "attributes": {
            "async_invocation": [],
            "connectivity": [],
            "content": [
              {
                "zip_filename": "function.zip"
              }
            ],
            "created_at": "2023-11-29T17:52:00Z",
            "description": "",
            "entrypoint": "index.face_detection_handler",
            "environment": {
              "AWS_ACCESS_KEY_ID": "YCAJE84iwzc-tOINXVE-8wu-o",
              "AWS_DEFAULT_REGION": "ru-central1",
              "AWS_ENDPOINT_URI_S3": "https://storage.yandexcloud.net",
              "AWS_SECRET_ACCESS_KEY": "YCM3yxrTYGqNtmex1yNbouC1Nwnj9e-u1hay6JG8",
              "folder_id": "b1gsoqsep1du069d2dvm",
              "queue_id": "https://message-queue.api.cloud.yandex.net/b1g71e95h51okii30p25/dj60000000158end02mk/vvot37-task",
              "queue_uri": "https://message-queue.api.cloud.yandex.net",
              "storage_api_uri": "https://storage.yandexcloud.net",
              "vision_api_uri": "https://vision.api.cloud.yandex.net/vision/v1/batchAnalyze",
              "yandex_vision_api_key": "AQVN3X150Sx51QvLHuifJyZh-eaBltHP5SRscVbP"
            },
            "execution_timeout": "60",
            "folder_id": "b1gsoqsep1du069d2dvm",
            "id": "d4eu2hqsoc9vr76ripik",
            "image_size": 54063104,
            "labels": {},
            "loggroup_id": "",
            "memory": 128,
            "name": "vvot37-face-detection",
            "package": [],
            "runtime": "python312",
            "secrets": [],
            "service_account_id": "ajeudjg20ipi9q50kbfn",
            "tags": [],
            "timeouts": null,
            "user_hash": "vtTG5FUYV6gvkF6ZCn5c8lmarK8Jfaj3Oi5YY+CT394=",
            "version": "d4eil9b0dg22537uc03f"
          },
          "sensitive_attributes": [
            [
              {
                "type": "get_attr",
                "value": "environment"
              },
              {
                "type": "index",
                "value": {
                  "value": "AWS_SECRET_ACCESS_KEY",
                  "type": "string"
                }
              }
            ],
            [
              {
                "type": "get_attr",
                "value": "environment"
              },
              {
                "type": "index",
                "value": {
                  "value": "yandex_vision_api_key",
                  "type": "string"
                }
              }
            ]
          ],
          "private": "eyJlMmJmYjczMC1lY2FhLTExZTYtOGY4OC0zNDM2M2JjN2M0YzAiOnsiY3JlYXRlIjo2MDAwMDAwMDAwMDAsImRlbGV0ZSI6NjAwMDAwMDAwMDAwLCJ1cGRhdGUiOjYwMDAwMDAwMDAwMH19",
          "dependencies": [
            "data.archive_file.zip",
            "yandex_iam_service_account.service_account37",
            "yandex_iam_service_account_api_key.account37",
            "yandex_iam_service_account_static_access_key.service_account37_keys",
            "yandex_message_queue.task_queue"
          ]
        }
      ]
    },
    {
      "mode": "managed",
      "type": "yandex_function",
      "name": "telegram_bot",
      "provider": "provider[\"registry.terraform.io/yandex-cloud/yandex\"]",
      "instances": [
        {
          "schema_version": 0,
          "attributes": {
            "async_invocation": [],
            "connectivity": [],
            "content": [
              {
                "zip_filename": "telegram_bot_function.zip"
              }
            ],
            "created_at": "2023-12-08T19:57:50Z",
            "description": "",
            "entrypoint": "index.handler",
            "environment": {
              "AWS_ACCESS_KEY_ID": "YCAJE84iwzc-tOINXVE-8wu-o",
              "AWS_ENDPOINT_URL_S3": "https://storage.yandexcloud.net",
              "AWS_SECRET_ACCESS_KEY": "YCM3yxrTYGqNtmex1yNbouC1Nwnj9e-u1hay6JG8",
              "face_uri": "https://d5dsd9n3hferok46f216.apigw.yandexcloud.net/faces",
              "photo_bucket": "vvot37-photo",
              "photo_uri": "https://d5dsd9n3hferok46f216.apigw.yandexcloud.net/photo",
              "token": "6927011768:AAEEmG0FPBF0xXmyVh2qUQqVz9MwEA9yH8o",
              "ydb_database": "/ru-central1/b1g71e95h51okii30p25/etnam0hr027vh34fsis7",
              "ydb_endpoint": "grpcs://ydb.serverless.yandexcloud.net:2135",
              "ydb_table": "faces"
            },
            "execution_timeout": "60",
            "folder_id": "b1gsoqsep1du069d2dvm",
            "id": "d4e7nf9mimk0q0sksaej",
            "image_size": 46374912,
            "labels": {},
            "loggroup_id": "",
            "memory": 128,
            "name": "vvot37-2023-boot",
            "package": [],
            "runtime": "python312",
            "secrets": [],
            "service_account_id": "ajeudjg20ipi9q50kbfn",
            "tags": [],
            "timeouts": null,
            "user_hash": "WuD4oT1VCC0yb2vmDe7xNxUCMZzunGquyJMZKk6oTBo=",
            "version": "d4echnjvjq51av98unco"
          },
          "sensitive_attributes": [
            [
              {
                "type": "get_attr",
                "value": "environment"
              },
              {
                "type": "index",
                "value": {
                  "value": "AWS_SECRET_ACCESS_KEY",
                  "type": "string"
                }
              }
            ]
          ],
          "private": "eyJlMmJmYjczMC1lY2FhLTExZTYtOGY4OC0zNDM2M2JjN2M0YzAiOnsiY3JlYXRlIjo2MDAwMDAwMDAwMDAsImRlbGV0ZSI6NjAwMDAwMDAwMDAwLCJ1cGRhdGUiOjYwMDAwMDAwMDAwMH19",
          "dependencies": [
            "data.archive_file.telegram_bot_function_zip",
            "yandex_api_gateway.default",
            "yandex_iam_service_account.service_account37",
            "yandex_iam_service_account_static_access_key.service_account37_keys",
            "yandex_storage_bucket.faces",
            "yandex_storage_bucket.photo",
            "yandex_ydb_database_serverless.photo_face"
          ]
        }
      ]
    },
    {
      "mode": "managed",
      "type": "yandex_function_iam_binding",
      "name": "telegram_bot_iam_binding",
      "provider": "provider[\"registry.terraform.io/yandex-cloud/yandex\"]",
      "instances": [
        {
          "schema_version": 0,
          "attributes": {
            "function_id": "d4e7nf9mimk0q0sksaej",
            "id": "d4e7nf9mimk0q0sksaej/serverless.functions.invoker",
            "members": [
              "system:allUsers"
            ],
            "role": "serverless.functions.invoker",
            "sleep_after": null,
            "timeouts": null
          },
          "sensitive_attributes": [],
          "private": "eyJlMmJmYjczMC1lY2FhLTExZTYtOGY4OC0zNDM2M2JjN2M0YzAiOnsiY3JlYXRlIjo2MDAwMDAwMDAwMCwiZGVmYXVsdCI6NjAwMDAwMDAwMDAsImRlbGV0ZSI6NjAwMDAwMDAwMDAsInJlYWQiOjYwMDAwMDAwMDAwLCJ1cGRhdGUiOjYwMDAwMDAwMDAwfX0=",
          "dependencies": [
            "data.archive_file.telegram_bot_function_zip",
            "yandex_api_gateway.default",
            "yandex_function.telegram_bot",
            "yandex_iam_service_account.service_account37",
            "yandex_iam_service_account_static_access_key.service_account37_keys",
            "yandex_storage_bucket.faces",
            "yandex_storage_bucket.photo",
            "yandex_ydb_database_serverless.photo_face"
          ]
        }
      ]
    },
    {
      "mode": "managed",
      "type": "yandex_function_trigger",
      "name": "task-trigger",
      "provider": "provider[\"registry.terraform.io/yandex-cloud/yandex\"]",
      "instances": [
        {
          "schema_version": 0,
          "attributes": {
            "container": [],
            "created_at": "2023-12-05T17:38:57Z",
            "description": "",
            "dlq": [],
            "folder_id": "b1gsoqsep1du069d2dvm",
            "function": [
              {
                "id": "d4ein5ckqjgq1vovvu61",
                "retry_attempts": "",
                "retry_interval": "",
                "service_account_id": "ajeudjg20ipi9q50kbfn",
                "tag": ""
              }
            ],
            "id": "a1s9kgml2d11as1j1oj7",
            "iot": [],
            "labels": {},
            "log_group": [],
            "logging": [],
            "message_queue": [
              {
                "batch_cutoff": "0",
                "batch_size": "1",
                "queue_id": "yrn:yc:ymq:ru-central1:b1gsoqsep1du069d2dvm:vvot37-task",
                "service_account_id": "ajeudjg20ipi9q50kbfn",
                "visibility_timeout": ""
              }
            ],
            "name": "vvot37-task",
            "object_storage": [],
            "timeouts": null,
            "timer": []
          },
          "sensitive_attributes": [],
          "private": "eyJlMmJmYjczMC1lY2FhLTExZTYtOGY4OC0zNDM2M2JjN2M0YzAiOnsiY3JlYXRlIjozMDAwMDAwMDAwMDAsImRlbGV0ZSI6MzAwMDAwMDAwMDAwLCJ1cGRhdGUiOjMwMDAwMDAwMDAwMH19",
          "dependencies": [
            "data.archive_file.face_cut_function_zip",
            "yandex_function.face_cut_function",
            "yandex_iam_service_account.service_account37",
            "yandex_iam_service_account_static_access_key.service_account37_keys",
            "yandex_message_queue.task_queue",
            "yandex_storage_bucket.faces",
            "yandex_storage_bucket.photo",
            "yandex_ydb_database_serverless.photo_face"
          ]
        }
      ]
    },
    {
      "mode": "managed",
      "type": "yandex_iam_service_account",
      "name": "service_account37",
      "provider": "provider[\"registry.terraform.io/yandex-cloud/yandex\"]",
      "instances": [
        {
          "schema_version": 0,
          "attributes": {
            "created_at": "2023-11-29T17:51:47Z",
            "description": "",
            "folder_id": "b1gsoqsep1du069d2dvm",
            "id": "ajeudjg20ipi9q50kbfn",
            "name": "service-account37",
            "timeouts": null
          },
          "sensitive_attributes": [],
          "private": "eyJlMmJmYjczMC1lY2FhLTExZTYtOGY4OC0zNDM2M2JjN2M0YzAiOnsiY3JlYXRlIjo2MDAwMDAwMDAwMCwiZGVsZXRlIjo2MDAwMDAwMDAwMCwidXBkYXRlIjo2MDAwMDAwMDAwMH19"
        }
      ]
    },
    {
      "mode": "managed",
      "type": "yandex_iam_service_account_api_key",
      "name": "account37",
      "provider": "provider[\"registry.terraform.io/yandex-cloud/yandex\"]",
      "instances": [
        {
          "schema_version": 0,
          "attributes": {
            "created_at": "2023-11-29T17:51:53Z",
            "description": "",
            "encrypted_secret_key": null,
            "id": "ajetflst2b3pqk5sm7n8",
            "key_fingerprint": null,
            "pgp_key": null,
            "secret_key": "AQVN3X150Sx51QvLHuifJyZh-eaBltHP5SRscVbP",
            "service_account_id": "ajeudjg20ipi9q50kbfn"
          },
          "sensitive_attributes": [],
          "private": "bnVsbA==",
          "dependencies": [
            "yandex_iam_service_account.service_account37"
          ]
        }
      ]
    },
    {
      "mode": "managed",
      "type": "yandex_iam_service_account_static_access_key",
      "name": "service_account37_keys",
      "provider": "provider[\"registry.terraform.io/yandex-cloud/yandex\"]",
      "instances": [
        {
          "schema_version": 0,
          "attributes": {
            "access_key": "YCAJE84iwzc-tOINXVE-8wu-o",
            "created_at": "2023-11-29T17:51:53Z",
            "description": "",
            "encrypted_secret_key": null,
            "id": "ajerihkoos0v9seqst55",
            "key_fingerprint": null,
            "pgp_key": null,
            "secret_key": "YCM3yxrTYGqNtmex1yNbouC1Nwnj9e-u1hay6JG8",
            "service_account_id": "ajeudjg20ipi9q50kbfn"
          },
          "sensitive_attributes": [],
          "private": "bnVsbA==",
          "dependencies": [
            "yandex_iam_service_account.service_account37"
          ]
        }
      ]
    },
    {
      "mode": "managed",
      "type": "yandex_message_queue",
      "name": "task_queue",
      "provider": "provider[\"registry.terraform.io/yandex-cloud/yandex\"]",
      "instances": [
        {
          "schema_version": 0,
          "attributes": {
            "access_key": "YCAJE84iwzc-tOINXVE-8wu-o",
            "arn": "yrn:yc:ymq:ru-central1:b1gsoqsep1du069d2dvm:vvot37-task",
            "content_based_deduplication": false,
            "delay_seconds": 0,
            "fifo_queue": false,
            "id": "https://message-queue.api.cloud.yandex.net/b1g71e95h51okii30p25/dj60000000158end02mk/vvot37-task",
            "max_message_size": 262144,
            "message_retention_seconds": 345600,
            "name": "vvot37-task",
            "name_prefix": null,
            "receive_wait_time_seconds": 0,
            "redrive_policy": "",
            "region_id": "ru-central1",
            "secret_key": "YCM3yxrTYGqNtmex1yNbouC1Nwnj9e-u1hay6JG8",
            "visibility_timeout_seconds": 30
          },
          "sensitive_attributes": [
            [
              {
                "type": "get_attr",
                "value": "secret_key"
              }
            ]
          ],
          "private": "bnVsbA==",
          "dependencies": [
            "yandex_iam_service_account.service_account37",
            "yandex_iam_service_account_static_access_key.service_account37_keys"
          ]
        }
      ]
    },
    {
      "mode": "managed",
      "type": "yandex_resourcemanager_folder_iam_member",
      "name": "service_account37_member",
      "provider": "provider[\"registry.terraform.io/yandex-cloud/yandex\"]",
      "instances": [
        {
          "schema_version": 0,
          "attributes": {
            "folder_id": "b1gsoqsep1du069d2dvm",
            "id": "b1gsoqsep1du069d2dvm/admin/serviceAccount:ajeudjg20ipi9q50kbfn",
            "member": "serviceAccount:ajeudjg20ipi9q50kbfn",
            "role": "admin",
            "sleep_after": null,
            "timeouts": null
          },
          "sensitive_attributes": [],
          "private": "eyJlMmJmYjczMC1lY2FhLTExZTYtOGY4OC0zNDM2M2JjN2M0YzAiOnsiY3JlYXRlIjo2MDAwMDAwMDAwMCwiZGVmYXVsdCI6NjAwMDAwMDAwMDAsImRlbGV0ZSI6NjAwMDAwMDAwMDAsInJlYWQiOjYwMDAwMDAwMDAwLCJ1cGRhdGUiOjYwMDAwMDAwMDAwfX0=",
          "dependencies": [
            "yandex_iam_service_account.service_account37"
          ]
        }
      ]
    },
    {
      "mode": "managed",
      "type": "yandex_storage_bucket",
      "name": "faces",
      "provider": "provider[\"registry.terraform.io/yandex-cloud/yandex\"]",
      "instances": [
        {
          "schema_version": 0,
          "attributes": {
            "access_key": "YCAJE84iwzc-tOINXVE-8wu-o",
            "acl": null,
            "anonymous_access_flags": [
              {
                "config_read": false,
                "list": false,
                "read": false
              }
            ],
            "bucket": "vvot37-faces",
            "bucket_domain_name": "vvot37-faces.storage.yandexcloud.net",
            "bucket_prefix": null,
            "cors_rule": [],
            "default_storage_class": "STANDARD",
            "folder_id": "b1gsoqsep1du069d2dvm",
            "force_destroy": false,
            "grant": [],
            "https": [],
            "id": "vvot37-faces",
            "lifecycle_rule": [],
            "logging": [],
            "max_size": 0,
            "object_lock_configuration": [],
            "policy": "",
            "secret_key": "YCM3yxrTYGqNtmex1yNbouC1Nwnj9e-u1hay6JG8",
            "server_side_encryption_configuration": [],
            "tags": {},
            "versioning": [
              {
                "enabled": false
              }
            ],
            "website": [],
            "website_domain": null,
            "website_endpoint": null
          },
          "sensitive_attributes": [
            [
              {
                "type": "get_attr",
                "value": "secret_key"
              }
            ]
          ],
          "private": "bnVsbA==",
          "dependencies": [
            "yandex_iam_service_account.service_account37",
            "yandex_iam_service_account_static_access_key.service_account37_keys"
          ]
        }
      ]
    },
    {
      "mode": "managed",
      "type": "yandex_storage_bucket",
      "name": "photo",
      "provider": "provider[\"registry.terraform.io/yandex-cloud/yandex\"]",
      "instances": [
        {
          "schema_version": 0,
          "attributes": {
            "access_key": "YCAJE84iwzc-tOINXVE-8wu-o",
            "acl": null,
            "anonymous_access_flags": [
              {
                "config_read": false,
                "list": false,
                "read": false
              }
            ],
            "bucket": "vvot37-photo",
            "bucket_domain_name": "vvot37-photo.storage.yandexcloud.net",
            "bucket_prefix": null,
            "cors_rule": [],
            "default_storage_class": "STANDARD",
            "folder_id": "b1gsoqsep1du069d2dvm",
            "force_destroy": false,
            "grant": [],
            "https": [],
            "id": "vvot37-photo",
            "lifecycle_rule": [],
            "logging": [],
            "max_size": 0,
            "object_lock_configuration": [],
            "policy": "",
            "secret_key": "YCM3yxrTYGqNtmex1yNbouC1Nwnj9e-u1hay6JG8",
            "server_side_encryption_configuration": [],
            "tags": {},
            "versioning": [
              {
                "enabled": false
              }
            ],
            "website": [],
            "website_domain": null,
            "website_endpoint": null
          },
          "sensitive_attributes": [
            [
              {
                "type": "get_attr",
                "value": "secret_key"
              }
            ]
          ],
          "private": "bnVsbA==",
          "dependencies": [
            "yandex_iam_service_account.service_account37",
            "yandex_iam_service_account_static_access_key.service_account37_keys"
          ]
        }
      ]
    },
    {
      "mode": "managed",
      "type": "yandex_ydb_database_serverless",
      "name": "photo_face",
      "provider": "provider[\"registry.terraform.io/yandex-cloud/yandex\"]",
      "instances": [
        {
          "schema_version": 0,
          "attributes": {
            "created_at": "2023-12-05T17:38:05Z",
            "database_path": "/ru-central1/b1g71e95h51okii30p25/etnam0hr027vh34fsis7",
            "deletion_protection": false,
            "description": "",
            "document_api_endpoint": "https://docapi.serverless.yandexcloud.net/ru-central1/b1g71e95h51okii30p25/etnam0hr027vh34fsis7",
            "folder_id": "b1gsoqsep1du069d2dvm",
            "id": "etnam0hr027vh34fsis7",
            "labels": {},
            "location_id": "ru-central1",
            "name": "vvot37-db-photo-face",
            "serverless_database": [
              {
                "enable_throttling_rcu_limit": false,
                "provisioned_rcu_limit": 0,
                "storage_size_limit": 5,
                "throttling_rcu_limit": 0
              }
            ],
            "status": "RUNNING",
            "timeouts": null,
            "tls_enabled": true,
            "ydb_api_endpoint": "ydb.serverless.yandexcloud.net:2135",
            "ydb_full_endpoint": "grpcs://ydb.serverless.yandexcloud.net:2135/?database=/ru-central1/b1g71e95h51okii30p25/etnam0hr027vh34fsis7"
          },
          "sensitive_attributes": [],
          "private": "eyJlMmJmYjczMC1lY2FhLTExZTYtOGY4OC0zNDM2M2JjN2M0YzAiOnsiY3JlYXRlIjo2MDAwMDAwMDAwMDAsImRlZmF1bHQiOjYwMDAwMDAwMDAwMCwiZGVsZXRlIjo2MDAwMDAwMDAwMDAsInJlYWQiOjYwMDAwMDAwMDAwMCwidXBkYXRlIjo2MDAwMDAwMDAwMDB9fQ=="
        }
      ]
    },
    {
      "mode": "managed",
      "type": "yandex_ydb_table",
      "name": "faces",
      "provider": "provider[\"registry.terraform.io/yandex-cloud/yandex\"]",
      "instances": [
        {
          "schema_version": 0,
          "attributes": {
            "attributes": {},
            "column": [
              {
                "family": "",
                "name": "name",
                "not_null": true,
                "type": "Utf8"
              },
              {
                "family": "",
                "name": "photo_id",
                "not_null": false,
                "type": "Utf8"
              },
              {
                "family": "",
                "name": "telegram_file_id",
                "not_null": false,
                "type": "Utf8"
              },
              {
                "family": "",
                "name": "user_name",
                "not_null": false,
                "type": "Utf8"
              }
            ],
            "connection_string": "grpcs://ydb.serverless.yandexcloud.net:2135/?database=/ru-central1/b1g71e95h51okii30p25/etnam0hr027vh34fsis7",
            "family": [],
            "id": "grpcs://ydb.serverless.yandexcloud.net:2135/?database=/ru-central1/b1g71e95h51okii30p25/etnam0hr027vh34fsis7?path=faces",
            "key_bloom_filter": false,
            "partitioning_settings": [
              {
                "auto_partitioning_by_load": false,
                "auto_partitioning_by_size_enabled": true,
                "auto_partitioning_max_partitions_count": 0,
                "auto_partitioning_min_partitions_count": 1,
                "auto_partitioning_partition_size_mb": 2048,
                "partition_at_keys": [],
                "uniform_partitions": 0
              }
            ],
            "path": "faces",
            "primary_key": [
              "name"
            ],
            "read_replicas_settings": "PER_AZ:0",
            "timeouts": null,
            "ttl": []
          },
          "sensitive_attributes": [],
          "private": "eyJlMmJmYjczMC1lY2FhLTExZTYtOGY4OC0zNDM2M2JjN2M0YzAiOnsiY3JlYXRlIjoxMjAwMDAwMDAwMDAwLCJkZWZhdWx0IjoxMjAwMDAwMDAwMDAwLCJkZWxldGUiOjEyMDAwMDAwMDAwMDAsInJlYWQiOjEyMDAwMDAwMDAwMDAsInVwZGF0ZSI6MTIwMDAwMDAwMDAwMH19",
          "dependencies": [
            "yandex_ydb_database_serverless.photo_face"
          ]
        }
      ]
    }
  ],
  "check_results": null
}
